// !$*UTF8*$!
{
	archiveVersion = 1;
	classes = {
	};
	objectVersion = 77;
	objects = {

/* Begin PBXBuildFile section */
		CA9236823001AFC5002F3FF2 /* DesignSystem in Frameworks */ = {isa = PBXBuildFile; productRef = CA9236813001AFC5002F3FF2 /* DesignSystem */; };
		CA9236843001AFC5002F3FF2 /* FormKit in Frameworks */ = {isa = PBXBuildFile; productRef = CA9236833001AFC5002F3FF2 /* FormKit */; };
		CA9236863001AFC5002F3FF2 /* NavigationKit in Frameworks */ = {isa = PBXBuildFile; productRef = CA9236853001AFC5002F3FF2 /* NavigationKit */; };
		CA9236883001AFC5002F3FF2 /* PersistenceKit in Frameworks */ = {isa = PBXBuildFile; productRef = CA9236873001AFC5002F3FF2 /* PersistenceKit */; };
/* End PBXBuildFile section */

/* Begin PBXContainerItemProxy section */
		CA9236643001AF51002F3FF2 /* PBXContainerItemProxy */ = {
			isa = PBXContainerItemProxy;
			containerPortal = CA92364C3001AF50002F3FF2 /* Project object */;
			proxyType = 1;
			remoteGlobalIDString = CA9236533001AF50002F3FF2;
			remoteInfo = FoundationTasks;
		};
		CA92366E3001AF51002F3FF2 /* PBXContainerItemProxy */ = {
			isa = PBXContainerItemProxy;
			containerPortal = CA92364C3001AF50002F3FF2 /* Project object */;
			proxyType = 1;
			remoteGlobalIDString = CA9236533001AF50002F3FF2;
			remoteInfo = FoundationTasks;
		};
/* End PBXContainerItemProxy section */

/* Begin PBXFileReference section */
		CA9236543001AF50002F3FF2 /* FoundationTasks.app */ = {isa = PBXFileReference; explicitFileType = wrapper.application; includeInIndex = 0; path = FoundationTasks.app; sourceTree = BUILT_PRODUCTS_DIR; };
		CA9236633001AF51002F3FF2 /* FoundationTasksTests.xctest */ = {isa = PBXFileReference; explicitFileType = wrapper.cfbundle; includeInIndex = 0; path = FoundationTasksTests.xctest; sourceTree = BUILT_PRODUCTS_DIR; };
		CA92366D3001AF51002F3FF2 /* FoundationTasksUITests.xctest */ = {isa = PBXFileReference; explicitFileType = wrapper.cfbundle; includeInIndex = 0; path = FoundationTasksUITests.xctest; sourceTree = BUILT_PRODUCTS_DIR; };
/* End PBXFileReference section */

/* Begin PBXFileSystemSynchronizedRootGroup section */
		CA9236563001AF50002F3FF2 /* FoundationTasks */ = {
			isa = PBXFileSystemSynchronizedRootGroup;
			path = FoundationTasks;
			sourceTree = "<group>";
		};
		CA9236663001AF51002F3FF2 /* FoundationTasksTests */ = {
			isa = PBXFileSystemSynchronizedRootGroup;
			path = FoundationTasksTests;
			sourceTree = "<group>";
		};
		CA9236703001AF51002F3FF2 /* FoundationTasksUITests */ = {
			isa = PBXFileSystemSynchronizedRootGroup;
			path = FoundationTasksUITests;
			sourceTree = "<group>";
		};
/* End PBXFileSystemSynchronizedRootGroup section */

/* Begin PBXFrameworksBuildPhase section */
		CA9236513001AF50002F3FF2 /* Frameworks */ = {
			isa = PBXFrameworksBuildPhase;
			buildActionMask = 2147483647;
			files = (
				CA9236823001AFC5002F3FF2 /* DesignSystem in Frameworks */,
				CA9236843001AFC5002F3FF2 /* FormKit in Frameworks */,
				CA9236863001AFC5002F3FF2 /* NavigationKit in Frameworks */,
				CA9236883001AFC5002F3FF2 /* PersistenceKit in Frameworks */,
			);
			runOnlyForDeploymentPostprocessing = 0;
		};
		CA9236603001AF51002F3FF2 /* Frameworks */ = {
			isa = PBXFrameworksBuildPhase;
			buildActionMask = 2147483647;
			files = (
			);
			runOnlyForDeploymentPostprocessing = 0;
		};
		CA92366A3001AF51002F3FF2 /* Frameworks */ = {
			isa = PBXFrameworksBuildPhase;
			buildActionMask = 2147483647;
			files = (
			);
			runOnlyForDeploymentPostprocessing = 0;
		};
/* End PBXFrameworksBuildPhase section */

/* Begin PBXGroup section */
		CA92364B3001AF50002F3FF2 = {
			isa = PBXGroup;
			children = (
				CA9236563001AF50002F3FF2 /* FoundationTasks */,
				CA9236663001AF51002F3FF2 /* FoundationTasksTests */,
				CA9236703001AF51002F3FF2 /* FoundationTasksUITests */,
				CA9236553001AF50002F3FF2 /* Products */,
			);
			sourceTree = "<group>";
		};
		CA9236553001AF50002F3FF2 /* Products */ = {
			isa = PBXGroup;
			children = (
				CA9236543001AF50002F3FF2 /* FoundationTasks.app */,
				CA9236633001AF51002F3FF2 /* FoundationTasksTests.xctest */,
				CA92366D3001AF51002F3FF2 /* FoundationTasksUITests.xctest */,
			);
			name = Products;
			sourceTree = "<group>";
		};
/* End PBXGroup section */

/* Begin PBXNativeTarget section */
		CA9236533001AF50002F3FF2 /* FoundationTasks */ = {
			isa = PBXNativeTarget;
			buildConfigurationList = CA9236773001AF51002F3FF2 /* Build configuration list for PBXNativeTarget "FoundationTasks" */;
			buildPhases = (
				CA9236503001AF50002F3FF2 /* Sources */,
				CA9236513001AF50002F3FF2 /* Frameworks */,
				CA9236523001AF50002F3FF2 /* Resources */,
			);
			buildRules = (
			);
			dependencies = (
			);
			fileSystemSynchronizedGroups = (
				CA9236563001AF50002F3FF2 /* FoundationTasks */,
			);
			name = FoundationTasks;
			packageProductDependencies = (
				CA9236813001AFC5002F3FF2 /* DesignSystem */,
				CA9236833001AFC5002F3FF2 /* FormKit */,
				CA9236853001AFC5002F3FF2 /* NavigationKit */,
				CA9236873001AFC5002F3FF2 /* PersistenceKit */,
			);
			productName = FoundationTasks;
			productReference = CA9236543001AF50002F3FF2 /* FoundationTasks.app */;
			productType = "com.apple.product-type.application";
		};
		CA9236623001AF51002F3FF2 /* FoundationTasksTests */ = {
			isa = PBXNativeTarget;
			buildConfigurationList = CA92367A3001AF51002F3FF2 /* Build configuration list for PBXNativeTarget "FoundationTasksTests" */;
			buildPhases = (
				CA92365F3001AF51002F3FF2 /* Sources */,
				CA9236603001AF51002F3FF2 /* Frameworks */,
				CA9236613001AF51002F3FF2 /* Resources */,
			);
			buildRules = (
			);
			dependencies = (
				CA9236653001AF51002F3FF2 /* PBXTargetDependency */,
			);
			fileSystemSynchronizedGroups = (
				CA9236663001AF51002F3FF2 /* FoundationTasksTests */,
			);
			name = FoundationTasksTests;
			packageProductDependencies = (
			);
			productName = FoundationTasksTests;
			productReference = CA9236633001AF51002F3FF2 /* FoundationTasksTests.xctest */;
			productType = "com.apple.product-type.bundle.unit-test";
		};
		CA92366C3001AF51002F3FF2 /* FoundationTasksUITests */ = {
			isa = PBXNativeTarget;
			buildConfigurationList = CA92367D3001AF51002F3FF2 /* Build configuration list for PBXNativeTarget "FoundationTasksUITests" */;
			buildPhases = (
				CA9236693001AF51002F3FF2 /* Sources */,
				CA92366A3001AF51002F3FF2 /* Frameworks */,
				CA92366B3001AF51002F3FF2 /* Resources */,
			);
			buildRules = (
			);
			dependencies = (
				CA92366F3001AF51002F3FF2 /* PBXTargetDependency */,
			);
			fileSystemSynchronizedGroups = (
				CA9236703001AF51002F3FF2 /* FoundationTasksUITests */,
			);
			name = FoundationTasksUITests;
			packageProductDependencies = (
			);
			productName = FoundationTasksUITests;
			productReference = CA92366D3001AF51002F3FF2 /* FoundationTasksUITests.xctest */;
			productType = "com.apple.product-type.bundle.ui-testing";
		};
/* End PBXNativeTarget section */

/* Begin PBXProject section */
		CA92364C3001AF50002F3FF2 /* Project object */ = {
			isa = PBXProject;
			attributes = {
				BuildIndependentTargetsInParallel = 1;
				LastSwiftUpdateCheck = 2620;
				LastUpgradeCheck = 2620;
				TargetAttributes = {
					CA9236533001AF50002F3FF2 = {
						CreatedOnToolsVersion = 26.2;
					};
					CA9236623001AF51002F3FF2 = {
						CreatedOnToolsVersion = 26.2;
						TestTargetID = CA9236533001AF50002F3FF2;
					};
					CA92366C3001AF51002F3FF2 = {
						CreatedOnToolsVersion = 26.2;
						TestTargetID = CA9236533001AF50002F3FF2;
					};
				};
			};
			buildConfigurationList = CA92364F3001AF50002F3FF2 /* Build configuration list for PBXProject "FoundationTasks" */;
			developmentRegion = en;
			hasScannedForEncodings = 0;
			knownRegions = (
				en,
				Base,
			);
			mainGroup = CA92364B3001AF50002F3FF2;
			minimizedProjectReferenceProxies = 1;
			packageReferences = (
				CA9236803001AFC5002F3FF2 /* XCLocalSwiftPackageReference "../../../AppleDevelopmentFoundation" */,
			);
			preferredProjectObjectVersion = 77;
			productRefGroup = CA9236553001AF50002F3FF2 /* Products */;
			projectDirPath = "";
			projectRoot = "";
			targets = (
				CA9236533001AF50002F3FF2 /* FoundationTasks */,
				CA9236623001AF51002F3FF2 /* FoundationTasksTests */,
				CA92366C3001AF51002F3FF2 /* FoundationTasksUITests */,
			);
		};
/* End PBXProject section */

/* Begin PBXResourcesBuildPhase section */
		CA9236523001AF50002F3FF2 /* Resources */ = {
			isa = PBXResourcesBuildPhase;
			buildActionMask = 2147483647;
			files = (
			);
			runOnlyForDeploymentPostprocessing = 0;
		};
		CA9236613001AF51002F3FF2 /* Resources */ = {
			isa = PBXResourcesBuildPhase;
			buildActionMask = 2147483647;
			files = (
			);
			runOnlyForDeploymentPostprocessing = 0;
		};
		CA92366B3001AF51002F3FF2 /* Resources */ = {
			isa = PBXResourcesBuildPhase;
			buildActionMask = 2147483647;
			files = (
			);
			runOnlyForDeploymentPostprocessing = 0;
		};
/* End PBXResourcesBuildPhase section */

/* Begin PBXSourcesBuildPhase section */
		CA9236503001AF50002F3FF2 /* Sources */ = {
			isa = PBXSourcesBuildPhase;
			buildActionMask = 2147483647;
			files = (
			);
			runOnlyForDeploymentPostprocessing = 0;
		};
		CA92365F3001AF51002F3FF2 /* Sources */ = {
			isa = PBXSourcesBuildPhase;
			buildActionMask = 2147483647;
			files = (
			);
			runOnlyForDeploymentPostprocessing = 0;
		};
		CA9236693001AF51002F3FF2 /* Sources */ = {
			isa = PBXSourcesBuildPhase;
			buildActionMask = 2147483647;
			files = (
			);
			runOnlyForDeploymentPostprocessing = 0;
		};
/* End PBXSourcesBuildPhase section */

/* Begin PBXTargetDependency section */
		CA9236653001AF51002F3FF2 /* PBXTargetDependency */ = {
			isa = PBXTargetDependency;
			target = CA9236533001AF50002F3FF2 /* FoundationTasks */;
			targetProxy = CA9236643001AF51002F3FF2 /* PBXContainerItemProxy */;
		};
		CA92366F3001AF51002F3FF2 /* PBXTargetDependency */ = {
			isa = PBXTargetDependency;
			target = CA9236533001AF50002F3FF2 /* FoundationTasks */;
			targetProxy = CA92366E3001AF51002F3FF2 /* PBXContainerItemProxy */;
		};
/* End PBXTargetDependency section */

/* Begin XCBuildConfiguration section */
		CA9236753001AF51002F3FF2 /* Debug */ = {
			isa = XCBuildConfiguration;
			buildSettings = {
				ALWAYS_SEARCH_USER_PATHS = NO;
				ASSETCATALOG_COMPILER_GENERATE_SWIFT_ASSET_SYMBOL_EXTENSIONS = YES;
				CLANG_ANALYZER_NONNULL = YES;
				CLANG_ANALYZER_NUMBER_OBJECT_CONVERSION = YES_AGGRESSIVE;
				CLANG_CXX_LANGUAGE_STANDARD = "gnu++20";
				CLANG_ENABLE_MODULES = YES;
				CLANG_ENABLE_OBJC_ARC = YES;
				CLANG_ENABLE_OBJC_WEAK = YES;
				CLANG_WARN_BLOCK_CAPTURE_AUTORELEASING = YES;
				CLANG_WARN_BOOL_CONVERSION = YES;
				CLANG_WARN_COMMA = YES;
				CLANG_WARN_CONSTANT_CONVERSION = YES;
				CLANG_WARN_DEPRECATED_OBJC_IMPLEMENTATIONS = YES;
				CLANG_WARN_DIRECT_OBJC_ISA_USAGE = YES_ERROR;
				CLANG_WARN_DOCUMENTATION_COMMENTS = YES;
				CLANG_WARN_EMPTY_BODY = YES;
				CLANG_WARN_ENUM_CONVERSION = YES;
				CLANG_WARN_INFINITE_RECURSION = YES;
				CLANG_WARN_INT_CONVERSION = YES;
				CLANG_WARN_NON_LITERAL_NULL_CONVERSION = YES;
				CLANG_WARN_OBJC_IMPLICIT_RETAIN_SELF = YES;
				CLANG_WARN_OBJC_LITERAL_CONVERSION = YES;
				CLANG_WARN_OBJC_ROOT_CLASS = YES_ERROR;
				CLANG_WARN_QUOTED_INCLUDE_IN_FRAMEWORK_HEADER = YES;
				CLANG_WARN_RANGE_LOOP_ANALYSIS = YES;
				CLANG_WARN_STRICT_PROTOTYPES = YES;
				CLANG_WARN_SUSPICIOUS_MOVE = YES;
				CLANG_WARN_UNGUARDED_AVAILABILITY = YES_AGGRESSIVE;
				CLANG_WARN_UNREACHABLE_CODE = YES;
				CLANG_WARN__DUPLICATE_METHOD_MATCH = YES;
				COPY_PHASE_STRIP = NO;
				DEBUG_INFORMATION_FORMAT = dwarf;
				DEVELOPMENT_TEAM = MN446NQA8S;
				ENABLE_STRICT_OBJC_MSGSEND = YES;
				ENABLE_TESTABILITY = YES;
				ENABLE_USER_SCRIPT_SANDBOXING = YES;
				GCC_C_LANGUAGE_STANDARD = gnu17;
				GCC_DYNAMIC_NO_PIC = NO;
				GCC_NO_COMMON_BLOCKS = YES;
				GCC_OPTIMIZATION_LEVEL = 0;
				GCC_PREPROCESSOR_DEFINITIONS = (
					"DEBUG=1",
					"$(inherited)",
				);
				GCC_WARN_64_TO_32_BIT_CONVERSION = YES;
				GCC_WARN_ABOUT_RETURN_TYPE = YES_ERROR;
				GCC_WARN_UNDECLARED_SELECTOR = YES;
				GCC_WARN_UNINITIALIZED_AUTOS = YES_AGGRESSIVE;
				GCC_WARN_UNUSED_FUNCTION = YES;
				GCC_WARN_UNUSED_VARIABLE = YES;
				IPHONEOS_DEPLOYMENT_TARGET = 17.0;
				LOCALIZATION_PREFERS_STRING_CATALOGS = YES;
				MTL_ENABLE_DEBUG_INFO = INCLUDE_SOURCE;
				MTL_FAST_MATH = YES;
				ONLY_ACTIVE_ARCH = YES;
				SDKROOT = iphoneos;
				SWIFT_ACTIVE_COMPILATION_CONDITIONS = "DEBUG $(inherited)";
				SWIFT_OPTIMIZATION_LEVEL = "-Onone";
			};
			name = Debug;
		};
		CA9236763001AF51002F3FF2 /* Release */ = {
			isa = XCBuildConfiguration;
			buildSettings = {
				ALWAYS_SEARCH_USER_PATHS = NO;
				ASSETCATALOG_COMPILER_GENERATE_SWIFT_ASSET_SYMBOL_EXTENSIONS = YES;
				CLANG_ANALYZER_NONNULL = YES;
				CLANG_ANALYZER_NUMBER_OBJECT_CONVERSION = YES_AGGRESSIVE;
				CLANG_CXX_LANGUAGE_STANDARD = "gnu++20";
				CLANG_ENABLE_MODULES = YES;
				CLANG_ENABLE_OBJC_ARC = YES;
				CLANG_ENABLE_OBJC_WEAK = YES;
				CLANG_WARN_BLOCK_CAPTURE_AUTORELEASING = YES;
				CLANG_WARN_BOOL_CONVERSION = YES;
				CLANG_WARN_COMMA = YES;
				CLANG_WARN_CONSTANT_CONVERSION = YES;
				CLANG_WARN_DEPRECATED_OBJC_IMPLEMENTATIONS = YES;
				CLANG_WARN_DIRECT_OBJC_ISA_USAGE = YES_ERROR;
				CLANG_WARN_DOCUMENTATION_COMMENTS = YES;
				CLANG_WARN_EMPTY_BODY = YES;
				CLANG_WARN_ENUM_CONVERSION = YES;
				CLANG_WARN_INFINITE_RECURSION = YES;
				CLANG_WARN_INT_CONVERSION = YES;
				CLANG_WARN_NON_LITERAL_NULL_CONVERSION = YES;
				CLANG_WARN_OBJC_IMPLICIT_RETAIN_SELF = YES;
				CLANG_WARN_OBJC_LITERAL_CONVERSION = YES;
				CLANG_WARN_OBJC_ROOT_CLASS = YES_ERROR;
				CLANG_WARN_QUOTED_INCLUDE_IN_FRAMEWORK_HEADER = YES;
				CLANG_WARN_RANGE_LOOP_ANALYSIS = YES;
				CLANG_WARN_STRICT_PROTOTYPES = YES;
				CLANG_WARN_SUSPICIOUS_MOVE = YES;
				CLANG_WARN_UNGUARDED_AVAILABILITY = YES_AGGRESSIVE;
				CLANG_WARN_UNREACHABLE_CODE = YES;
				CLANG_WARN__DUPLICATE_METHOD_MATCH = YES;
				COPY_PHASE_STRIP = NO;
				DEBUG_INFORMATION_FORMAT = "dwarf-with-dsym";
				DEVELOPMENT_TEAM = MN446NQA8S;
				ENABLE_NS_ASSERTIONS = NO;
				ENABLE_STRICT_OBJC_MSGSEND = YES;
				ENABLE_USER_SCRIPT_SANDBOXING = YES;
				GCC_C_LANGUAGE_STANDARD = gnu17;
				GCC_NO_COMMON_BLOCKS = YES;
				GCC_WARN_64_TO_32_BIT_CONVERSION = YES;
				GCC_WARN_ABOUT_RETURN_TYPE = YES_ERROR;
				GCC_WARN_UNDECLARED_SELECTOR = YES;
				GCC_WARN_UNINITIALIZED_AUTOS = YES_AGGRESSIVE;
				GCC_WARN_UNUSED_FUNCTION = YES;
				GCC_WARN_UNUSED_VARIABLE = YES;
				IPHONEOS_DEPLOYMENT_TARGET = 17.0;
				LOCALIZATION_PREFERS_STRING_CATALOGS = YES;
				MTL_ENABLE_DEBUG_INFO = NO;
				MTL_FAST_MATH = YES;
				SDKROOT = iphoneos;
				SWIFT_COMPILATION_MODE = wholemodule;
				VALIDATE_PRODUCT = YES;
			};
			name = Release;
		};
		CA9236783001AF51002F3FF2 /* Debug */ = {
			isa = XCBuildConfiguration;
			buildSettings = {
				ASSETCATALOG_COMPILER_APPICON_NAME = AppIcon;
				ASSETCATALOG_COMPILER_GLOBAL_ACCENT_COLOR_NAME = AccentColor;
				CODE_SIGN_STYLE = Automatic;
				CURRENT_PROJECT_VERSION = 1;
				DEVELOPMENT_TEAM = MN446NQA8S;
				ENABLE_PREVIEWS = YES;
				GENERATE_INFOPLIST_FILE = YES;
				INFOPLIST_KEY_UIApplicationSceneManifest_Generation = YES;
				INFOPLIST_KEY_UIApplicationSupportsIndirectInputEvents = YES;
				INFOPLIST_KEY_UILaunchScreen_Generation = YES;
				INFOPLIST_KEY_UISupportedInterfaceOrientations_iPad = "UIInterfaceOrientationPortrait UIInterfaceOrientationPortraitUpsideDown UIInterfaceOrientationLandscapeLeft UIInterfaceOrientationLandscapeRight";
				INFOPLIST_KEY_UISupportedInterfaceOrientations_iPhone = "UIInterfaceOrientationPortrait UIInterfaceOrientationLandscapeLeft UIInterfaceOrientationLandscapeRight";
				LD_RUNPATH_SEARCH_PATHS = (
					"$(inherited)",
					"@executable_path/Frameworks",
				);
				MARKETING_VERSION = 1.0;
				PRODUCT_BUNDLE_IDENTIFIER = com.branalytic.FoundationTasks;
				PRODUCT_NAME = "$(TARGET_NAME)";
				STRING_CATALOG_GENERATE_SYMBOLS = YES;
				SWIFT_APPROACHABLE_CONCURRENCY = YES;
				SWIFT_DEFAULT_ACTOR_ISOLATION = MainActor;
				SWIFT_EMIT_LOC_STRINGS = YES;
				SWIFT_UPCOMING_FEATURE_MEMBER_IMPORT_VISIBILITY = YES;
				SWIFT_VERSION = 6.0;
				TARGETED_DEVICE_FAMILY = "1,2";
			};
			name = Debug;
		};
		CA9236793001AF51002F3FF2 /* Release */ = {
			isa = XCBuildConfiguration;
			buildSettings = {
				ASSETCATALOG_COMPILER_APPICON_NAME = AppIcon;
				ASSETCATALOG_COMPILER_GLOBAL_ACCENT_COLOR_NAME = AccentColor;
				CODE_SIGN_STYLE = Automatic;
				CURRENT_PROJECT_VERSION = 1;
				DEVELOPMENT_TEAM = MN446NQA8S;
				ENABLE_PREVIEWS = YES;
				GENERATE_INFOPLIST_FILE = YES;
				INFOPLIST_KEY_UIApplicationSceneManifest_Generation = YES;
				INFOPLIST_KEY_UIApplicationSupportsIndirectInputEvents = YES;
				INFOPLIST_KEY_UILaunchScreen_Generation = YES;
				INFOPLIST_KEY_UISupportedInterfaceOrientations_iPad = "UIInterfaceOrientationPortrait UIInterfaceOrientationPortraitUpsideDown UIInterfaceOrientationLandscapeLeft UIInterfaceOrientationLandscapeRight";
				INFOPLIST_KEY_UISupportedInterfaceOrientations_iPhone = "UIInterfaceOrientationPortrait UIInterfaceOrientationLandscapeLeft UIInterfaceOrientationLandscapeRight";
				LD_RUNPATH_SEARCH_PATHS = (
					"$(inherited)",
					"@executable_path/Frameworks",
				);
				MARKETING_VERSION = 1.0;
				PRODUCT_BUNDLE_IDENTIFIER = com.branalytic.FoundationTasks;
				PRODUCT_NAME = "$(TARGET_NAME)";
				STRING_CATALOG_GENERATE_SYMBOLS = YES;
				SWIFT_APPROACHABLE_CONCURRENCY = YES;
				SWIFT_DEFAULT_ACTOR_ISOLATION = MainActor;
				SWIFT_EMIT_LOC_STRINGS = YES;
				SWIFT_UPCOMING_FEATURE_MEMBER_IMPORT_VISIBILITY = YES;
				SWIFT_VERSION = 6.0;
				TARGETED_DEVICE_FAMILY = "1,2";
			};
			name = Release;
		};
		CA92367B3001AF51002F3FF2 /* Debug */ = {
			isa = XCBuildConfiguration;
			buildSettings = {
				BUNDLE_LOADER = "$(TEST_HOST)";
				CODE_SIGN_STYLE = Automatic;
				CURRENT_PROJECT_VERSION = 1;
				DEVELOPMENT_TEAM = MN446NQA8S;
				GENERATE_INFOPLIST_FILE = YES;
				IPHONEOS_DEPLOYMENT_TARGET = 17.0;
				MARKETING_VERSION = 1.0;
				PRODUCT_BUNDLE_IDENTIFIER = com.branalytic.FoundationTasksTests;
				PRODUCT_NAME = "$(TARGET_NAME)";
				STRING_CATALOG_GENERATE_SYMBOLS = NO;
				SWIFT_APPROACHABLE_CONCURRENCY = YES;
				SWIFT_EMIT_LOC_STRINGS = NO;
				SWIFT_UPCOMING_FEATURE_MEMBER_IMPORT_VISIBILITY = YES;
				SWIFT_VERSION = 6.0;
				TARGETED_DEVICE_FAMILY = "1,2";
				TEST_HOST = "$(BUILT_PRODUCTS_DIR)/FoundationTasks.app/$(BUNDLE_EXECUTABLE_FOLDER_PATH)/FoundationTasks";
			};
			name = Debug;
		};
		CA92367C3001AF51002F3FF2 /* Release */ = {
			isa = XCBuildConfiguration;
			buildSettings = {
				BUNDLE_LOADER = "$(TEST_HOST)";
				CODE_SIGN_STYLE = Automatic;
				CURRENT_PROJECT_VERSION = 1;
				DEVELOPMENT_TEAM = MN446NQA8S;
				GENERATE_INFOPLIST_FILE = YES;
				IPHONEOS_DEPLOYMENT_TARGET = 17.0;
				MARKETING_VERSION = 1.0;
				PRODUCT_BUNDLE_IDENTIFIER = com.branalytic.FoundationTasksTests;
				PRODUCT_NAME = "$(TARGET_NAME)";
				STRING_CATALOG_GENERATE_SYMBOLS = NO;
				SWIFT_APPROACHABLE_CONCURRENCY = YES;
				SWIFT_EMIT_LOC_STRINGS = NO;
				SWIFT_UPCOMING_FEATURE_MEMBER_IMPORT_VISIBILITY = YES;
				SWIFT_VERSION = 6.0;
				TARGETED_DEVICE_FAMILY = "1,2";
				TEST_HOST = "$(BUILT_PRODUCTS_DIR)/FoundationTasks.app/$(BUNDLE_EXECUTABLE_FOLDER_PATH)/FoundationTasks";
			};
			name = Release;
		};
		CA92367E3001AF51002F3FF2 /* Debug */ = {
			isa = XCBuildConfiguration;
			buildSettings = {
				CODE_SIGN_STYLE = Automatic;
				CURRENT_PROJECT_VERSION = 1;
				DEVELOPMENT_TEAM = MN446NQA8S;
				GENERATE_INFOPLIST_FILE = YES;
				MARKETING_VERSION = 1.0;
				PRODUCT_BUNDLE_IDENTIFIER = com.branalytic.FoundationTasksUITests;
				PRODUCT_NAME = "$(TARGET_NAME)";
				STRING_CATALOG_GENERATE_SYMBOLS = NO;
				SWIFT_APPROACHABLE_CONCURRENCY = YES;
				SWIFT_EMIT_LOC_STRINGS = NO;
				SWIFT_UPCOMING_FEATURE_MEMBER_IMPORT_VISIBILITY = YES;
				SWIFT_VERSION = 6.0;
				TARGETED_DEVICE_FAMILY = "1,2";
				TEST_TARGET_NAME = FoundationTasks;
			};
			name = Debug;
		};
		CA92367F3001AF51002F3FF2 /* Release */ = {
			isa = XCBuildConfiguration;
			buildSettings = {
				CODE_SIGN_STYLE = Automatic;
				CURRENT_PROJECT_VERSION = 1;
				DEVELOPMENT_TEAM = MN446NQA8S;
				GENERATE_INFOPLIST_FILE = YES;
				MARKETING_VERSION = 1.0;
				PRODUCT_BUNDLE_IDENTIFIER = com.branalytic.FoundationTasksUITests;
				PRODUCT_NAME = "$(TARGET_NAME)";
				STRING_CATALOG_GENERATE_SYMBOLS = NO;
				SWIFT_APPROACHABLE_CONCURRENCY = YES;
				SWIFT_EMIT_LOC_STRINGS = NO;
				SWIFT_UPCOMING_FEATURE_MEMBER_IMPORT_VISIBILITY = YES;
				SWIFT_VERSION = 6.0;
				TARGETED_DEVICE_FAMILY = "1,2";
				TEST_TARGET_NAME = FoundationTasks;
			};
			name = Release;
		};
/* End XCBuildConfiguration section */

/* Begin XCConfigurationList section */
		CA92364F3001AF50002F3FF2 /* Build configuration list for PBXProject "FoundationTasks" */ = {
			isa = XCConfigurationList;
			buildConfigurations = (
				CA9236753001AF51002F3FF2 /* Debug */,
				CA9236763001AF51002F3FF2 /* Release */,
			);
			defaultConfigurationIsVisible = 0;
			defaultConfigurationName = Release;
		};
		CA9236773001AF51002F3FF2 /* Build configuration list for PBXNativeTarget "FoundationTasks" */ = {
			isa = XCConfigurationList;
			buildConfigurations = (
				CA9236783001AF51002F3FF2 /* Debug */,
				CA9236793001AF51002F3FF2 /* Release */,
			);
			defaultConfigurationIsVisible = 0;
			defaultConfigurationName = Release;
		};
		CA92367A3001AF51002F3FF2 /* Build configuration list for PBXNativeTarget "FoundationTasksTests" */ = {
			isa = XCConfigurationList;
			buildConfigurations = (
				CA92367B3001AF51002F3FF2 /* Debug */,
				CA92367C3001AF51002F3FF2 /* Release */,
			);
			defaultConfigurationIsVisible = 0;
			defaultConfigurationName = Release;
		};
		CA92367D3001AF51002F3FF2 /* Build configuration list for PBXNativeTarget "FoundationTasksUITests" */ = {
			isa = XCConfigurationList;
			buildConfigurations = (
				CA92367E3001AF51002F3FF2 /* Debug */,
				CA92367F3001AF51002F3FF2 /* Release */,
			);
			defaultConfigurationIsVisible = 0;
			defaultConfigurationName = Release;
		};
/* End XCConfigurationList section */

/* Begin XCLocalSwiftPackageReference section */
		CA9236803001AFC5002F3FF2 /* XCLocalSwiftPackageReference "../../../AppleDevelopmentFoundation" */ = {
			isa = XCLocalSwiftPackageReference;
			relativePath = ../../../AppleDevelopmentFoundation;
		};
/* End XCLocalSwiftPackageReference section */

/* Begin XCSwiftPackageProductDependency section */
		CA9236813001AFC5002F3FF2 /* DesignSystem */ = {
			isa = XCSwiftPackageProductDependency;
			productName = DesignSystem;
		};
		CA9236833001AFC5002F3FF2 /* FormKit */ = {
			isa = XCSwiftPackageProductDependency;
			productName = FormKit;
		};
		CA9236853001AFC5002F3FF2 /* NavigationKit */ = {
			isa = XCSwiftPackageProductDependency;
			productName = NavigationKit;
		};
		CA9236873001AFC5002F3FF2 /* PersistenceKit */ = {
			isa = XCSwiftPackageProductDependency;
			productName = PersistenceKit;
		};
/* End XCSwiftPackageProductDependency section */
	};
	rootObject = CA92364C3001AF50002F3FF2 /* Project object */;
}
